// !$*UTF8*$!
{
	archiveVersion = 1;
	classes = {
	};
	objectVersion = 52;
	objects = {

/* Begin PBXBuildFile section */
		7B6E304BAAEE76B59F5C83BC /* ChangeOrganicPost.swift in Sources */ = {isa = PBXBuildFile; fileRef = 7B6E392B488D015C3A037A72 /* ChangeOrganicPost.swift */; };
		7B6E3B3E39DF9F02193A1718 /* App.swift in Sources */ = {isa = PBXBuildFile; fileRef = 7B6E3985C6AF5A9276A52092 /* App.swift */; };
		7B6E3DF4B8EFA74CCB7BA1A4 /* Repository.swift in Sources */ = {isa = PBXBuildFile; fileRef = 7B6E30B12A7BF5AE861175E6 /* Repository.swift */; };
		87E28EA626CD42B000852DA5 /* AppDelegate.swift in Sources */ = {isa = PBXBuildFile; fileRef = 87E28EA526CD42B000852DA5 /* AppDelegate.swift */; };
		87E28EA826CD42B000852DA5 /* SceneDelegate.swift in Sources */ = {isa = PBXBuildFile; fileRef = 87E28EA726CD42B000852DA5 /* SceneDelegate.swift */; };
		87E28EAA26CD42B000852DA5 /* ViewController.swift in Sources */ = {isa = PBXBuildFile; fileRef = 87E28EA926CD42B000852DA5 /* ViewController.swift */; };
		87E28EAD26CD42B000852DA5 /* Main.storyboard in Resources */ = {isa = PBXBuildFile; fileRef = 87E28EAB26CD42B000852DA5 /* Main.storyboard */; };
		87E28EAF26CD42B200852DA5 /* Assets.xcassets in Resources */ = {isa = PBXBuildFile; fileRef = 87E28EAE26CD42B200852DA5 /* Assets.xcassets */; };
		87E28EB226CD42B200852DA5 /* LaunchScreen.storyboard in Resources */ = {isa = PBXBuildFile; fileRef = 87E28EB026CD42B200852DA5 /* LaunchScreen.storyboard */; };
		87E28EBB26CD48C700852DA5 /* Alamofire in Frameworks */ = {isa = PBXBuildFile; productRef = 87E28EBA26CD48C700852DA5 /* Alamofire */; };
/* End PBXBuildFile section */

/* Begin PBXFileReference section */
		7B6E30B12A7BF5AE861175E6 /* Repository.swift */ = {isa = PBXFileReference; fileEncoding = 4; lastKnownFileType = sourcecode.swift; path = Repository.swift; sourceTree = "<group>"; };
		7B6E392B488D015C3A037A72 /* ChangeOrganicPost.swift */ = {isa = PBXFileReference; fileEncoding = 4; lastKnownFileType = sourcecode.swift; path = ChangeOrganicPost.swift; sourceTree = "<group>"; };
		7B6E3985C6AF5A9276A52092 /* App.swift */ = {isa = PBXFileReference; fileEncoding = 4; lastKnownFileType = sourcecode.swift; path = App.swift; sourceTree = "<group>"; };
		87E28EA226CD42B000852DA5 /* AppVisible.app */ = {isa = PBXFileReference; explicitFileType = wrapper.application; includeInIndex = 0; path = AppVisible.app; sourceTree = BUILT_PRODUCTS_DIR; };
		87E28EA526CD42B000852DA5 /* AppDelegate.swift */ = {isa = PBXFileReference; lastKnownFileType = sourcecode.swift; path = AppDelegate.swift; sourceTree = "<group>"; };
		87E28EA726CD42B000852DA5 /* SceneDelegate.swift */ = {isa = PBXFileReference; lastKnownFileType = sourcecode.swift; path = SceneDelegate.swift; sourceTree = "<group>"; };
		87E28EA926CD42B000852DA5 /* ViewController.swift */ = {isa = PBXFileReference; lastKnownFileType = sourcecode.swift; path = ViewController.swift; sourceTree = "<group>"; };
		87E28EAC26CD42B000852DA5 /* Base */ = {isa = PBXFileReference; lastKnownFileType = file.storyboard; name = Base; path = Base.lproj/Main.storyboard; sourceTree = "<group>"; };
		87E28EAE26CD42B200852DA5 /* Assets.xcassets */ = {isa = PBXFileReference; lastKnownFileType = folder.assetcatalog; path = Assets.xcassets; sourceTree = "<group>"; };
		87E28EB126CD42B200852DA5 /* Base */ = {isa = PBXFileReference; lastKnownFileType = file.storyboard; name = Base; path = Base.lproj/LaunchScreen.storyboard; sourceTree = "<group>"; };
		87E28EB326CD42B200852DA5 /* Info.plist */ = {isa = PBXFileReference; lastKnownFileType = text.plist.xml; path = Info.plist; sourceTree = "<group>"; };
/* End PBXFileReference section */

/* Begin PBXFrameworksBuildPhase section */
		87E28E9F26CD42B000852DA5 /* Frameworks */ = {
			isa = PBXFrameworksBuildPhase;
			buildActionMask = 2147483647;
			files = (
				87E28EBB26CD48C700852DA5 /* Alamofire in Frameworks */,
			);
			runOnlyForDeploymentPostprocessing = 0;
		};
/* End PBXFrameworksBuildPhase section */

/* Begin PBXGroup section */
		7B6E3A22D3DB9AE83C0696A5 /* repository */ = {
			isa = PBXGroup;
			children = (
				7B6E30B12A7BF5AE861175E6 /* Repository.swift */,
				7B6E3985C6AF5A9276A52092 /* App.swift */,
				7B6E392B488D015C3A037A72 /* ChangeOrganicPost.swift */,
			);
			path = repository;
			sourceTree = "<group>";
		};
		87E28E9926CD42B000852DA5 = {
			isa = PBXGroup;
			children = (
				87E28EA426CD42B000852DA5 /* AppVisible */,
				87E28EA326CD42B000852DA5 /* Products */,
			);
			sourceTree = "<group>";
		};
		87E28EA326CD42B000852DA5 /* Products */ = {
			isa = PBXGroup;
			children = (
				87E28EA226CD42B000852DA5 /* AppVisible.app */,
			);
			name = Products;
			sourceTree = "<group>";
		};
		87E28EA426CD42B000852DA5 /* AppVisible */ = {
			isa = PBXGroup;
			children = (
				87E28EA526CD42B000852DA5 /* AppDelegate.swift */,
				87E28EA726CD42B000852DA5 /* SceneDelegate.swift */,
				87E28EA926CD42B000852DA5 /* ViewController.swift */,
				87E28EAB26CD42B000852DA5 /* Main.storyboard */,
				87E28EAE26CD42B200852DA5 /* Assets.xcassets */,
				87E28EB026CD42B200852DA5 /* LaunchScreen.storyboard */,
				87E28EB326CD42B200852DA5 /* Info.plist */,
				7B6E3A22D3DB9AE83C0696A5 /* repository */,
			);
			path = AppVisible;
			sourceTree = "<group>";
		};
/* End PBXGroup section */

/* Begin PBXNativeTarget section */
		87E28EA126CD42B000852DA5 /* AppVisible */ = {
			isa = PBXNativeTarget;
			buildConfigurationList = 87E28EB626CD42B200852DA5 /* Build configuration list for PBXNativeTarget "AppVisible" */;
			buildPhases = (
				87E28E9E26CD42B000852DA5 /* Sources */,
				87E28E9F26CD42B000852DA5 /* Frameworks */,
				87E28EA026CD42B000852DA5 /* Resources */,
			);
			buildRules = (
			);
			dependencies = (
			);
			name = AppVisible;
			packageProductDependencies = (
				87E28EBA26CD48C700852DA5 /* Alamofire */,
			);
			productName = AppVisible;
			productReference = 87E28EA226CD42B000852DA5 /* AppVisible.app */;
			productType = "com.apple.product-type.application";
		};
/* End PBXNativeTarget section */

/* Begin PBXProject section */
		87E28E9A26CD42B000852DA5 /* Project object */ = {
			isa = PBXProject;
			attributes = {
				LastSwiftUpdateCheck = 1250;
				LastUpgradeCheck = 1250;
				TargetAttributes = {
					87E28EA126CD42B000852DA5 = {
						CreatedOnToolsVersion = 12.5;
					};
				};
			};
			buildConfigurationList = 87E28E9D26CD42B000852DA5 /* Build configuration list for PBXProject "AppVisible" */;
			compatibilityVersion = "Xcode 9.3";
			developmentRegion = en;
			hasScannedForEncodings = 0;
			knownRegions = (
				en,
				Base,
			);
			mainGroup = 87E28E9926CD42B000852DA5;
			packageReferences = (
				87E28EB926CD48C700852DA5 /* XCRemoteSwiftPackageReference "Alamofire.git" */,
			);
			productRefGroup = 87E28EA326CD42B000852DA5 /* Products */;
			projectDirPath = "";
			projectRoot = "";
			targets = (
				87E28EA126CD42B000852DA5 /* AppVisible */,
			);
		};
/* End PBXProject section */

/* Begin PBXResourcesBuildPhase section */
		87E28EA026CD42B000852DA5 /* Resources */ = {
			isa = PBXResourcesBuildPhase;
			buildActionMask = 2147483647;
			files = (
				87E28EB226CD42B200852DA5 /* LaunchScreen.storyboard in Resources */,
				87E28EAF26CD42B200852DA5 /* Assets.xcassets in Resources */,
				87E28EAD26CD42B000852DA5 /* Main.storyboard in Resources */,
			);
			runOnlyForDeploymentPostprocessing = 0;
		};
/* End PBXResourcesBuildPhase section */

/* Begin PBXSourcesBuildPhase section */
		87E28E9E26CD42B000852DA5 /* Sources */ = {
			isa = PBXSourcesBuildPhase;
			buildActionMask = 2147483647;
			files = (
				87E28EAA26CD42B000852DA5 /* ViewController.swift in Sources */,
				87E28EA626CD42B000852DA5 /* AppDelegate.swift in Sources */,
				87E28EA826CD42B000852DA5 /* SceneDelegate.swift in Sources */,
				7B6E3DF4B8EFA74CCB7BA1A4 /* Repository.swift in Sources */,
				7B6E3B3E39DF9F02193A1718 /* App.swift in Sources */,
				7B6E304BAAEE76B59F5C83BC /* ChangeOrganicPost.swift in Sources */,
			);
			runOnlyForDeploymentPostprocessing = 0;
		};
/* End PBXSourcesBuildPhase section */

/* Begin PBXVariantGroup section */
		87E28EAB26CD42B000852DA5 /* Main.storyboard */ = {
			isa = PBXVariantGroup;
			children = (
				87E28EAC26CD42B000852DA5 /* Base */,
			);
			name = Main.storyboard;
			sourceTree = "<group>";
		};
		87E28EB026CD42B200852DA5 /* LaunchScreen.storyboard */ = {
			isa = PBXVariantGroup;
			children = (
				87E28EB126CD42B200852DA5 /* Base */,
			);
			name = LaunchScreen.storyboard;
			sourceTree = "<group>";
		};
/* End PBXVariantGroup section */

/* Begin XCBuildConfiguration section */
		87E28EB426CD42B200852DA5 /* Debug */ = {
			isa = XCBuildConfiguration;
			buildSettings = {
				ALWAYS_SEARCH_USER_PATHS = NO;
				CLANG_ANALYZER_NONNULL = YES;
				CLANG_ANALYZER_NUMBER_OBJECT_CONVERSION = YES_AGGRESSIVE;
				CLANG_CXX_LANGUAGE_STANDARD = "gnu++14";
				CLANG_CXX_LIBRARY = "libc++";
				CLANG_ENABLE_MODULES = YES;
				CLANG_ENABLE_OBJC_ARC = YES;
				CLANG_ENABLE_OBJC_WEAK = YES;
				CLANG_WARN_BLOCK_CAPTURE_AUTORELEASING = YES;
				CLANG_WARN_BOOL_CONVERSION = YES;
				CLANG_WARN_COMMA = YES;
				CLANG_WARN_CONSTANT_CONVERSION = YES;
				CLANG_WARN_DEPRECATED_OBJC_IMPLEMENTATIONS = YES;
				CLANG_WARN_DIRECT_OBJC_ISA_USAGE = YES_ERROR;
				CLANG_WARN_DOCUMENTATION_COMMENTS = YES;
				CLANG_WARN_EMPTY_BODY = YES;
				CLANG_WARN_ENUM_CONVERSION = YES;
				CLANG_WARN_INFINITE_RECURSION = YES;
				CLANG_WARN_INT_CONVERSION = YES;
				CLANG_WARN_NON_LITERAL_NULL_CONVERSION = YES;
				CLANG_WARN_OBJC_IMPLICIT_RETAIN_SELF = YES;
				CLANG_WARN_OBJC_LITERAL_CONVERSION = YES;
				CLANG_WARN_OBJC_ROOT_CLASS = YES_ERROR;
				CLANG_WARN_QUOTED_INCLUDE_IN_FRAMEWORK_HEADER = YES;
				CLANG_WARN_RANGE_LOOP_ANALYSIS = YES;
				CLANG_WARN_STRICT_PROTOTYPES = YES;
				CLANG_WARN_SUSPICIOUS_MOVE = YES;
				CLANG_WARN_UNGUARDED_AVAILABILITY = YES_AGGRESSIVE;
				CLANG_WARN_UNREACHABLE_CODE = YES;
				CLANG_WARN__DUPLICATE_METHOD_MATCH = YES;
				COPY_PHASE_STRIP = NO;
				DEBUG_INFORMATION_FORMAT = dwarf;
				ENABLE_STRICT_OBJC_MSGSEND = YES;
				ENABLE_TESTABILITY = YES;
				GCC_C_LANGUAGE_STANDARD = gnu11;
				GCC_DYNAMIC_NO_PIC = NO;
				GCC_NO_COMMON_BLOCKS = YES;
				GCC_OPTIMIZATION_LEVEL = 0;
				GCC_PREPROCESSOR_DEFINITIONS = (
					"DEBUG=1",
					"$(inherited)",
				);
				GCC_WARN_64_TO_32_BIT_CONVERSION = YES;
				GCC_WARN_ABOUT_RETURN_TYPE = YES_ERROR;
				GCC_WARN_UNDECLARED_SELECTOR = YES;
				GCC_WARN_UNINITIALIZED_AUTOS = YES_AGGRESSIVE;
				GCC_WARN_UNUSED_FUNCTION = YES;
				GCC_WARN_UNUSED_VARIABLE = YES;
				IPHONEOS_DEPLOYMENT_TARGET = 14.5;
				MTL_ENABLE_DEBUG_INFO = INCLUDE_SOURCE;
				MTL_FAST_MATH = YES;
				ONLY_ACTIVE_ARCH = YES;
				SDKROOT = iphoneos;
				SWIFT_ACTIVE_COMPILATION_CONDITIONS = DEBUG;
				SWIFT_OPTIMIZATION_LEVEL = "-Onone";
			};
			name = Debug;
		};
		87E28EB526CD42B200852DA5 /* Release */ = {
			isa = XCBuildConfiguration;
			buildSettings = {
				ALWAYS_SEARCH_USER_PATHS = NO;
				CLANG_ANALYZER_NONNULL = YES;
				CLANG_ANALYZER_NUMBER_OBJECT_CONVERSION = YES_AGGRESSIVE;
				CLANG_CXX_LANGUAGE_STANDARD = "gnu++14";
				CLANG_CXX_LIBRARY = "libc++";
				CLANG_ENABLE_MODULES = YES;
				CLANG_ENABLE_OBJC_ARC = YES;
				CLANG_ENABLE_OBJC_WEAK = YES;
				CLANG_WARN_BLOCK_CAPTURE_AUTORELEASING = YES;
				CLANG_WARN_BOOL_CONVERSION = YES;
				CLANG_WARN_COMMA = YES;
				CLANG_WARN_CONSTANT_CONVERSION = YES;
				CLANG_WARN_DEPRECATED_OBJC_IMPLEMENTATIONS = YES;
				CLANG_WARN_DIRECT_OBJC_ISA_USAGE = YES_ERROR;
				CLANG_WARN_DOCUMENTATION_COMMENTS = YES;
				CLANG_WARN_EMPTY_BODY = YES;
				CLANG_WARN_ENUM_CONVERSION = YES;
				CLANG_WARN_INFINITE_RECURSION = YES;
				CLANG_WARN_INT_CONVERSION = YES;
				CLANG_WARN_NON_LITERAL_NULL_CONVERSION = YES;
				CLANG_WARN_OBJC_IMPLICIT_RETAIN_SELF = YES;
				CLANG_WARN_OBJC_LITERAL_CONVERSION = YES;
				CLANG_WARN_OBJC_ROOT_CLASS = YES_ERROR;
				CLANG_WARN_QUOTED_INCLUDE_IN_FRAMEWORK_HEADER = YES;
				CLANG_WARN_RANGE_LOOP_ANALYSIS = YES;
				CLANG_WARN_STRICT_PROTOTYPES = YES;
				CLANG_WARN_SUSPICIOUS_MOVE = YES;
				CLANG_WARN_UNGUARDED_AVAILABILITY = YES_AGGRESSIVE;
				CLANG_WARN_UNREACHABLE_CODE = YES;
				CLANG_WARN__DUPLICATE_METHOD_MATCH = YES;
				COPY_PHASE_STRIP = NO;
				DEBUG_INFORMATION_FORMAT = "dwarf-with-dsym";
				ENABLE_NS_ASSERTIONS = NO;
				ENABLE_STRICT_OBJC_MSGSEND = YES;
				GCC_C_LANGUAGE_STANDARD = gnu11;
				GCC_NO_COMMON_BLOCKS = YES;
				GCC_WARN_64_TO_32_BIT_CONVERSION = YES;
				GCC_WARN_ABOUT_RETURN_TYPE = YES_ERROR;
				GCC_WARN_UNDECLARED_SELECTOR = YES;
				GCC_WARN_UNINITIALIZED_AUTOS = YES_AGGRESSIVE;
				GCC_WARN_UNUSED_FUNCTION = YES;
				GCC_WARN_UNUSED_VARIABLE = YES;
				IPHONEOS_DEPLOYMENT_TARGET = 14.5;
				MTL_ENABLE_DEBUG_INFO = NO;
				MTL_FAST_MATH = YES;
				SDKROOT = iphoneos;
				SWIFT_COMPILATION_MODE = wholemodule;
				SWIFT_OPTIMIZATION_LEVEL = "-O";
				VALIDATE_PRODUCT = YES;
			};
			name = Release;
		};
		87E28EB726CD42B200852DA5 /* Debug */ = {
			isa = XCBuildConfiguration;
			buildSettings = {
				ASSETCATALOG_COMPILER_APPICON_NAME = AppIcon;
				ASSETCATALOG_COMPILER_GLOBAL_ACCENT_COLOR_NAME = AccentColor;
				CODE_SIGN_STYLE = Automatic;
				INFOPLIST_FILE = AppVisible/Info.plist;
				LD_RUNPATH_SEARCH_PATHS = (
					"$(inherited)",
					"@executable_path/Frameworks",
				);
				PRODUCT_BUNDLE_IDENTIFIER = com.edemapps.AppVisible;
				PRODUCT_NAME = "$(TARGET_NAME)";
				SWIFT_VERSION = 5.0;
				TARGETED_DEVICE_FAMILY = "1,2";
			};
			name = Debug;
		};
		87E28EB826CD42B200852DA5 /* Release */ = {
			isa = XCBuildConfiguration;
			buildSettings = {
				ASSETCATALOG_COMPILER_APPICON_NAME = AppIcon;
				ASSETCATALOG_COMPILER_GLOBAL_ACCENT_COLOR_NAME = AccentColor;
				CODE_SIGN_STYLE = Automatic;
				INFOPLIST_FILE = AppVisible/Info.plist;
				LD_RUNPATH_SEARCH_PATHS = (
					"$(inherited)",
					"@executable_path/Frameworks",
				);
				PRODUCT_BUNDLE_IDENTIFIER = com.edemapps.AppVisible;
				PRODUCT_NAME = "$(TARGET_NAME)";
				SWIFT_VERSION = 5.0;
				TARGETED_DEVICE_FAMILY = "1,2";
			};
			name = Release;
		};
/* End XCBuildConfiguration section */

/* Begin XCConfigurationList section */
		87E28E9D26CD42B000852DA5 /* Build configuration list for PBXProject "AppVisible" */ = {
			isa = XCConfigurationList;
			buildConfigurations = (
				87E28EB426CD42B200852DA5 /* Debug */,
				87E28EB526CD42B200852DA5 /* Release */,
			);
			defaultConfigurationIsVisible = 0;
			defaultConfigurationName = Release;
		};
		87E28EB626CD42B200852DA5 /* Build configuration list for PBXNativeTarget "AppVisible" */ = {
			isa = XCConfigurationList;
			buildConfigurations = (
				87E28EB726CD42B200852DA5 /* Debug */,
				87E28EB826CD42B200852DA5 /* Release */,
			);
			defaultConfigurationIsVisible = 0;
			defaultConfigurationName = Release;
		};
/* End XCConfigurationList section */

/* Begin XCRemoteSwiftPackageReference section */
		87E28EB926CD48C700852DA5 /* XCRemoteSwiftPackageReference "Alamofire.git" */ = {
			isa = XCRemoteSwiftPackageReference;
			repositoryURL = "https://github.com/Alamofire/Alamofire.git";
			requirement = {
				kind = upToNextMajorVersion;
				minimumVersion = 5.4.3;
			};
		};
/* End XCRemoteSwiftPackageReference section */

/* Begin XCSwiftPackageProductDependency section */
		87E28EBA26CD48C700852DA5 /* Alamofire */ = {
			isa = XCSwiftPackageProductDependency;
			package = 87E28EB926CD48C700852DA5 /* XCRemoteSwiftPackageReference "Alamofire.git" */;
			productName = Alamofire;
		};
/* End XCSwiftPackageProductDependency section */
	};
	rootObject = 87E28E9A26CD42B000852DA5 /* Project object */;
}
